// !$*UTF8*$!
{
	archiveVersion = 1;
	classes = {
	};
	objectVersion = 46;
	objects = {

/* Begin PBXBuildFile section */
		6D307FA21A1FF7BB003DE0BD /* libssl.dylib in Frameworks */ = {isa = PBXBuildFile; fileRef = 6D307FA11A1FF7BB003DE0BD /* libssl.dylib */; };
		6D307FA41A1FF7C1003DE0BD /* libcrypto.dylib in Frameworks */ = {isa = PBXBuildFile; fileRef = 6D307FA31A1FF7C1003DE0BD /* libcrypto.dylib */; };
		6D307FAD1A201EBA003DE0BD /* RPBlob.h in Headers */ = {isa = PBXBuildFile; fileRef = 6D307FAB1A201EBA003DE0BD /* RPBlob.h */; settings = {ATTRIBUTES = (Public, ); }; };
		6D307FAE1A201EBA003DE0BD /* RPBlob.m in Sources */ = {isa = PBXBuildFile; fileRef = 6D307FAC1A201EBA003DE0BD /* RPBlob.m */; };
		6D310BA81A1ABE95001DCDB1 /* RPDiff.h in Headers */ = {isa = PBXBuildFile; fileRef = 6D310BA61A1ABE95001DCDB1 /* RPDiff.h */; settings = {ATTRIBUTES = (Public, ); }; };
		6D310BA91A1ABE95001DCDB1 /* RPDiff.m in Sources */ = {isa = PBXBuildFile; fileRef = 6D310BA71A1ABE95001DCDB1 /* RPDiff.m */; };
		6D310BAC1A1AC256001DCDB1 /* RPDiffDelta.h in Headers */ = {isa = PBXBuildFile; fileRef = 6D310BAA1A1AC256001DCDB1 /* RPDiffDelta.h */; settings = {ATTRIBUTES = (Public, ); }; };
		6D310BAD1A1AC256001DCDB1 /* RPDiffDelta.m in Sources */ = {isa = PBXBuildFile; fileRef = 6D310BAB1A1AC256001DCDB1 /* RPDiffDelta.m */; };
		6D310BB01A1AC6D1001DCDB1 /* RPDiffFile.h in Headers */ = {isa = PBXBuildFile; fileRef = 6D310BAE1A1AC6D1001DCDB1 /* RPDiffFile.h */; settings = {ATTRIBUTES = (Public, ); }; };
		6D310BB11A1AC6D1001DCDB1 /* RPDiffFile.m in Sources */ = {isa = PBXBuildFile; fileRef = 6D310BAF1A1AC6D1001DCDB1 /* RPDiffFile.m */; };
		6D310BB31A1AD29E001DCDB1 /* RPDiffFile+Private.h in Headers */ = {isa = PBXBuildFile; fileRef = 6D310BB21A1AD1CB001DCDB1 /* RPDiffFile+Private.h */; settings = {ATTRIBUTES = (Private, ); }; };
		6D310BB61A1B7144001DCDB1 /* RPOID.h in Headers */ = {isa = PBXBuildFile; fileRef = 6D310BB41A1B7144001DCDB1 /* RPOID.h */; settings = {ATTRIBUTES = (Public, ); }; };
		6D310BB71A1B7144001DCDB1 /* RPOID.m in Sources */ = {isa = PBXBuildFile; fileRef = 6D310BB51A1B7144001DCDB1 /* RPOID.m */; };
		6D38CD0F1A1C14F700F67BB8 /* RPMacros.h in Headers */ = {isa = PBXBuildFile; fileRef = 6D310BA51A1AB949001DCDB1 /* RPMacros.h */; settings = {ATTRIBUTES = (Public, ); }; };
		6D42E8BA1A68836A00B02DD7 /* NSString+RPEncoding.h in Headers */ = {isa = PBXBuildFile; fileRef = 6D42E8B81A68836A00B02DD7 /* NSString+RPEncoding.h */; settings = {ATTRIBUTES = (Public, ); }; };
		6D42E8BB1A68836A00B02DD7 /* NSString+RPEncoding.m in Sources */ = {isa = PBXBuildFile; fileRef = 6D42E8B91A68836A00B02DD7 /* NSString+RPEncoding.m */; };
		6D4B172D1A5CC4B000ACC859 /* RPSubmodule.h in Headers */ = {isa = PBXBuildFile; fileRef = 6D4B172B1A5CC4B000ACC859 /* RPSubmodule.h */; settings = {ATTRIBUTES = (Public, ); }; };
		6D4B172E1A5CC4B000ACC859 /* RPSubmodule.m in Sources */ = {isa = PBXBuildFile; fileRef = 6D4B172C1A5CC4B000ACC859 /* RPSubmodule.m */; };
		6D90F5DF1A772501009D0E99 /* RPConfig.h in Headers */ = {isa = PBXBuildFile; fileRef = 6D90F5DD1A772501009D0E99 /* RPConfig.h */; settings = {ATTRIBUTES = (Public, ); }; };
		6D90F5E01A772501009D0E99 /* RPConfig.m in Sources */ = {isa = PBXBuildFile; fileRef = 6D90F5DE1A772501009D0E99 /* RPConfig.m */; };
		6DBE96221A6DC91A00010A4C /* libc++.dylib in Frameworks */ = {isa = PBXBuildFile; fileRef = 6DBE961D1A6DC6AF00010A4C /* libc++.dylib */; };
		6DBE96251A6DC97200010A4C /* NSData+RPEncoding.h in Headers */ = {isa = PBXBuildFile; fileRef = 6DBE96231A6DC97200010A4C /* NSData+RPEncoding.h */; settings = {ATTRIBUTES = (Private, ); }; };
		6DBE96261A6DC97200010A4C /* NSData+RPEncoding.m in Sources */ = {isa = PBXBuildFile; fileRef = 6DBE96241A6DC97200010A4C /* NSData+RPEncoding.m */; };
		6DBE962A1A6DE15400010A4C /* libicudata.a in Frameworks */ = {isa = PBXBuildFile; fileRef = 6DBE96271A6DE15400010A4C /* libicudata.a */; };
		6DBE962B1A6DE15400010A4C /* libicui18n.a in Frameworks */ = {isa = PBXBuildFile; fileRef = 6DBE96281A6DE15400010A4C /* libicui18n.a */; };
		6DBE962C1A6DE15400010A4C /* libicuuc.a in Frameworks */ = {isa = PBXBuildFile; fileRef = 6DBE96291A6DE15400010A4C /* libicuuc.a */; };
		6DC7A0481A18E20000D808ED /* Repo.h in Headers */ = {isa = PBXBuildFile; fileRef = 6DC7A0471A18E20000D808ED /* Repo.h */; settings = {ATTRIBUTES = (Public, ); }; };
		6DC7A04E1A18E20000D808ED /* Repo.framework in Frameworks */ = {isa = PBXBuildFile; fileRef = 6DC7A0421A18E20000D808ED /* Repo.framework */; };
		6DC7A0551A18E20000D808ED /* RepoTests.m in Sources */ = {isa = PBXBuildFile; fileRef = 6DC7A0541A18E20000D808ED /* RepoTests.m */; };
		6DC7A05F1A18E99D00D808ED /* libgit2.a in Frameworks */ = {isa = PBXBuildFile; fileRef = 6DC7A05E1A18E99D00D808ED /* libgit2.a */; };
		6DC7A0631A18F2B900D808ED /* RPRepo.h in Headers */ = {isa = PBXBuildFile; fileRef = 6DC7A0611A18F2B900D808ED /* RPRepo.h */; settings = {ATTRIBUTES = (Public, ); }; };
		6DC7A0641A18F2B900D808ED /* RPRepo.m in Sources */ = {isa = PBXBuildFile; fileRef = 6DC7A0621A18F2B900D808ED /* RPRepo.m */; };
		6DC7A0671A18F5B300D808ED /* NSError+RPGitErrors.h in Headers */ = {isa = PBXBuildFile; fileRef = 6DC7A0651A18F5B300D808ED /* NSError+RPGitErrors.h */; settings = {ATTRIBUTES = (Public, ); }; };
		6DC7A0681A18F5B300D808ED /* NSError+RPGitErrors.m in Sources */ = {isa = PBXBuildFile; fileRef = 6DC7A0661A18F5B300D808ED /* NSError+RPGitErrors.m */; };
		6DC7A0701A194D4F00D808ED /* libz.dylib in Frameworks */ = {isa = PBXBuildFile; fileRef = 6DC7A06F1A194D4F00D808ED /* libz.dylib */; };
		6DC7A0751A194F8300D808ED /* libiconv.dylib in Frameworks */ = {isa = PBXBuildFile; fileRef = 6DC7A0741A194F8300D808ED /* libiconv.dylib */; };
		6DF929551A90CE6B0087E7D3 /* RPReference.h in Headers */ = {isa = PBXBuildFile; fileRef = 6DF929531A90CE6B0087E7D3 /* RPReference.h */; settings = {ATTRIBUTES = (Public, ); }; };
		6DF929561A90CE6B0087E7D3 /* RPReference.m in Sources */ = {isa = PBXBuildFile; fileRef = 6DF929541A90CE6B0087E7D3 /* RPReference.m */; };
		6DFFE1491A62E56900A8E617 /* NSException+RPExceptions.h in Headers */ = {isa = PBXBuildFile; fileRef = 6DFFE1471A62E56900A8E617 /* NSException+RPExceptions.h */; settings = {ATTRIBUTES = (Private, ); }; };
		6DFFE14A1A62E56900A8E617 /* NSException+RPExceptions.m in Sources */ = {isa = PBXBuildFile; fileRef = 6DFFE1481A62E56900A8E617 /* NSException+RPExceptions.m */; };
		EF0176A51AE5CDAA0092618D /* RPIndex.h in Headers */ = {isa = PBXBuildFile; fileRef = EF0176A31AE5CDAA0092618D /* RPIndex.h */; settings = {ATTRIBUTES = (Public, ); }; };
		EF0176A61AE5CDAA0092618D /* RPIndex.m in Sources */ = {isa = PBXBuildFile; fileRef = EF0176A41AE5CDAA0092618D /* RPIndex.m */; };
		EF0176A91AE5DBFB0092618D /* RPCommit.h in Headers */ = {isa = PBXBuildFile; fileRef = EF0176A71AE5DBFB0092618D /* RPCommit.h */; settings = {ATTRIBUTES = (Public, ); }; };
		EF0176AA1AE5DBFB0092618D /* RPCommit.m in Sources */ = {isa = PBXBuildFile; fileRef = EF0176A81AE5DBFB0092618D /* RPCommit.m */; };
		EF08E0441ABEEF8400712DCC /* RPBranch.h in Headers */ = {isa = PBXBuildFile; fileRef = EF08E0421ABEEF8400712DCC /* RPBranch.h */; settings = {ATTRIBUTES = (Public, ); }; };
		EF08E0451ABEEF8400712DCC /* RPBranch.m in Sources */ = {isa = PBXBuildFile; fileRef = EF08E0431ABEEF8400712DCC /* RPBranch.m */; };
		EF36106C1AC888A700861AE9 /* RPTypes.h in Headers */ = {isa = PBXBuildFile; fileRef = EF36106A1AC888A700861AE9 /* RPTypes.h */; settings = {ATTRIBUTES = (Public, ); }; };
		EF36106D1AC888A700861AE9 /* RPTypes.m in Sources */ = {isa = PBXBuildFile; fileRef = EF36106B1AC888A700861AE9 /* RPTypes.m */; };
		EF3610701AC88B4300861AE9 /* RPObject.h in Headers */ = {isa = PBXBuildFile; fileRef = EF36106E1AC88B4300861AE9 /* RPObject.h */; settings = {ATTRIBUTES = (Public, ); }; };
		EF3610711AC88B4300861AE9 /* RPObject.m in Sources */ = {isa = PBXBuildFile; fileRef = EF36106F1AC88B4300861AE9 /* RPObject.m */; };
		EF3610741AC88E9400861AE9 /* RPTree.h in Headers */ = {isa = PBXBuildFile; fileRef = EF3610721AC88E9400861AE9 /* RPTree.h */; settings = {ATTRIBUTES = (Public, ); }; };
		EF3610751AC88E9400861AE9 /* RPTree.m in Sources */ = {isa = PBXBuildFile; fileRef = EF3610731AC88E9400861AE9 /* RPTree.m */; };
		EF9CAC151B9115EA00A7C511 /* RPFunctions.m in Sources */ = {isa = PBXBuildFile; fileRef = EF9CAC141B9115EA00A7C511 /* RPFunctions.m */; settings = {ASSET_TAGS = (); }; };
		EFD87A7A1B8694BF0012FF11 /* RPStash.h in Headers */ = {isa = PBXBuildFile; fileRef = EFD87A781B8694BF0012FF11 /* RPStash.h */; settings = {ATTRIBUTES = (Public, ); }; };
		EFD87A7B1B8694BF0012FF11 /* RPStash.m in Sources */ = {isa = PBXBuildFile; fileRef = EFD87A791B8694BF0012FF11 /* RPStash.m */; };
/* End PBXBuildFile section */

/* Begin PBXContainerItemProxy section */
		6DC7A04F1A18E20000D808ED /* PBXContainerItemProxy */ = {
			isa = PBXContainerItemProxy;
			containerPortal = 6DC7A0391A18E20000D808ED /* Project object */;
			proxyType = 1;
			remoteGlobalIDString = 6DC7A0411A18E20000D808ED;
			remoteInfo = Repo;
		};
/* End PBXContainerItemProxy section */

/* Begin PBXFileReference section */
		6D307FA11A1FF7BB003DE0BD /* libssl.dylib */ = {isa = PBXFileReference; lastKnownFileType = "compiled.mach-o.dylib"; name = libssl.dylib; path = usr/lib/libssl.dylib; sourceTree = SDKROOT; };
		6D307FA31A1FF7C1003DE0BD /* libcrypto.dylib */ = {isa = PBXFileReference; lastKnownFileType = "compiled.mach-o.dylib"; name = libcrypto.dylib; path = usr/lib/libcrypto.dylib; sourceTree = SDKROOT; };
		6D307FAB1A201EBA003DE0BD /* RPBlob.h */ = {isa = PBXFileReference; fileEncoding = 4; lastKnownFileType = sourcecode.c.h; path = RPBlob.h; sourceTree = "<group>"; };
		6D307FAC1A201EBA003DE0BD /* RPBlob.m */ = {isa = PBXFileReference; fileEncoding = 4; lastKnownFileType = sourcecode.c.objc; path = RPBlob.m; sourceTree = "<group>"; };
		6D310BA51A1AB949001DCDB1 /* RPMacros.h */ = {isa = PBXFileReference; lastKnownFileType = sourcecode.c.h; path = RPMacros.h; sourceTree = "<group>"; };
		6D310BA61A1ABE95001DCDB1 /* RPDiff.h */ = {isa = PBXFileReference; fileEncoding = 4; lastKnownFileType = sourcecode.c.h; path = RPDiff.h; sourceTree = "<group>"; };
		6D310BA71A1ABE95001DCDB1 /* RPDiff.m */ = {isa = PBXFileReference; fileEncoding = 4; lastKnownFileType = sourcecode.c.objc; path = RPDiff.m; sourceTree = "<group>"; };
		6D310BAA1A1AC256001DCDB1 /* RPDiffDelta.h */ = {isa = PBXFileReference; fileEncoding = 4; lastKnownFileType = sourcecode.c.h; path = RPDiffDelta.h; sourceTree = "<group>"; };
		6D310BAB1A1AC256001DCDB1 /* RPDiffDelta.m */ = {isa = PBXFileReference; fileEncoding = 4; lastKnownFileType = sourcecode.c.objc; path = RPDiffDelta.m; sourceTree = "<group>"; };
		6D310BAE1A1AC6D1001DCDB1 /* RPDiffFile.h */ = {isa = PBXFileReference; fileEncoding = 4; lastKnownFileType = sourcecode.c.h; path = RPDiffFile.h; sourceTree = "<group>"; };
		6D310BAF1A1AC6D1001DCDB1 /* RPDiffFile.m */ = {isa = PBXFileReference; fileEncoding = 4; lastKnownFileType = sourcecode.c.objc; path = RPDiffFile.m; sourceTree = "<group>"; };
		6D310BB21A1AD1CB001DCDB1 /* RPDiffFile+Private.h */ = {isa = PBXFileReference; lastKnownFileType = sourcecode.c.h; path = "RPDiffFile+Private.h"; sourceTree = "<group>"; };
		6D310BB41A1B7144001DCDB1 /* RPOID.h */ = {isa = PBXFileReference; fileEncoding = 4; lastKnownFileType = sourcecode.c.h; path = RPOID.h; sourceTree = "<group>"; };
		6D310BB51A1B7144001DCDB1 /* RPOID.m */ = {isa = PBXFileReference; fileEncoding = 4; lastKnownFileType = sourcecode.c.objc; path = RPOID.m; sourceTree = "<group>"; };
		6D42E8B81A68836A00B02DD7 /* NSString+RPEncoding.h */ = {isa = PBXFileReference; fileEncoding = 4; lastKnownFileType = sourcecode.c.h; path = "NSString+RPEncoding.h"; sourceTree = "<group>"; };
		6D42E8B91A68836A00B02DD7 /* NSString+RPEncoding.m */ = {isa = PBXFileReference; fileEncoding = 4; lastKnownFileType = sourcecode.c.objc; path = "NSString+RPEncoding.m"; sourceTree = "<group>"; };
		6D4B172B1A5CC4B000ACC859 /* RPSubmodule.h */ = {isa = PBXFileReference; fileEncoding = 4; lastKnownFileType = sourcecode.c.h; path = RPSubmodule.h; sourceTree = "<group>"; };
		6D4B172C1A5CC4B000ACC859 /* RPSubmodule.m */ = {isa = PBXFileReference; fileEncoding = 4; lastKnownFileType = sourcecode.c.objc; path = RPSubmodule.m; sourceTree = "<group>"; };
		6D90F5DD1A772501009D0E99 /* RPConfig.h */ = {isa = PBXFileReference; fileEncoding = 4; lastKnownFileType = sourcecode.c.h; path = RPConfig.h; sourceTree = "<group>"; };
		6D90F5DE1A772501009D0E99 /* RPConfig.m */ = {isa = PBXFileReference; fileEncoding = 4; lastKnownFileType = sourcecode.c.objc; path = RPConfig.m; sourceTree = "<group>"; };
		6DBE961D1A6DC6AF00010A4C /* libc++.dylib */ = {isa = PBXFileReference; lastKnownFileType = "compiled.mach-o.dylib"; name = "libc++.dylib"; path = "usr/lib/libc++.dylib"; sourceTree = SDKROOT; };
		6DBE96231A6DC97200010A4C /* NSData+RPEncoding.h */ = {isa = PBXFileReference; fileEncoding = 4; lastKnownFileType = sourcecode.c.h; path = "NSData+RPEncoding.h"; sourceTree = "<group>"; };
		6DBE96241A6DC97200010A4C /* NSData+RPEncoding.m */ = {isa = PBXFileReference; fileEncoding = 4; lastKnownFileType = sourcecode.c.objc; path = "NSData+RPEncoding.m"; sourceTree = "<group>"; };
		6DBE96271A6DE15400010A4C /* libicudata.a */ = {isa = PBXFileReference; lastKnownFileType = archive.ar; name = libicudata.a; path = "External/icu4c-osx/lib/libicudata.a"; sourceTree = "<group>"; };
		6DBE96281A6DE15400010A4C /* libicui18n.a */ = {isa = PBXFileReference; lastKnownFileType = archive.ar; name = libicui18n.a; path = "External/icu4c-osx/lib/libicui18n.a"; sourceTree = "<group>"; };
		6DBE96291A6DE15400010A4C /* libicuuc.a */ = {isa = PBXFileReference; lastKnownFileType = archive.ar; name = libicuuc.a; path = "External/icu4c-osx/lib/libicuuc.a"; sourceTree = "<group>"; };
		6DC7A0421A18E20000D808ED /* Repo.framework */ = {isa = PBXFileReference; explicitFileType = wrapper.framework; includeInIndex = 0; path = Repo.framework; sourceTree = BUILT_PRODUCTS_DIR; };
		6DC7A0461A18E20000D808ED /* Info.plist */ = {isa = PBXFileReference; lastKnownFileType = text.plist.xml; path = Info.plist; sourceTree = "<group>"; };
		6DC7A0471A18E20000D808ED /* Repo.h */ = {isa = PBXFileReference; lastKnownFileType = sourcecode.c.h; path = Repo.h; sourceTree = "<group>"; };
		6DC7A04D1A18E20000D808ED /* RepoTests.xctest */ = {isa = PBXFileReference; explicitFileType = wrapper.cfbundle; includeInIndex = 0; path = RepoTests.xctest; sourceTree = BUILT_PRODUCTS_DIR; };
		6DC7A0531A18E20000D808ED /* Info.plist */ = {isa = PBXFileReference; lastKnownFileType = text.plist.xml; path = Info.plist; sourceTree = "<group>"; };
		6DC7A0541A18E20000D808ED /* RepoTests.m */ = {isa = PBXFileReference; lastKnownFileType = sourcecode.c.objc; path = RepoTests.m; sourceTree = "<group>"; };
		6DC7A05E1A18E99D00D808ED /* libgit2.a */ = {isa = PBXFileReference; lastKnownFileType = archive.ar; name = libgit2.a; path = External/libgit2.a; sourceTree = "<group>"; };
		6DC7A0611A18F2B900D808ED /* RPRepo.h */ = {isa = PBXFileReference; fileEncoding = 4; lastKnownFileType = sourcecode.c.h; path = RPRepo.h; sourceTree = "<group>"; };
		6DC7A0621A18F2B900D808ED /* RPRepo.m */ = {isa = PBXFileReference; fileEncoding = 4; lastKnownFileType = sourcecode.c.objc; path = RPRepo.m; sourceTree = "<group>"; };
		6DC7A0651A18F5B300D808ED /* NSError+RPGitErrors.h */ = {isa = PBXFileReference; fileEncoding = 4; lastKnownFileType = sourcecode.c.h; path = "NSError+RPGitErrors.h"; sourceTree = "<group>"; };
		6DC7A0661A18F5B300D808ED /* NSError+RPGitErrors.m */ = {isa = PBXFileReference; fileEncoding = 4; lastKnownFileType = sourcecode.c.objc; path = "NSError+RPGitErrors.m"; sourceTree = "<group>"; };
		6DC7A06F1A194D4F00D808ED /* libz.dylib */ = {isa = PBXFileReference; lastKnownFileType = "compiled.mach-o.dylib"; name = libz.dylib; path = usr/lib/libz.dylib; sourceTree = SDKROOT; };
		6DC7A0741A194F8300D808ED /* libiconv.dylib */ = {isa = PBXFileReference; lastKnownFileType = "compiled.mach-o.dylib"; name = libiconv.dylib; path = usr/lib/libiconv.dylib; sourceTree = SDKROOT; };
		6DD748621A59DAB7007856CD /* RPDiffDelta+Private.h */ = {isa = PBXFileReference; lastKnownFileType = sourcecode.c.h; path = "RPDiffDelta+Private.h"; sourceTree = "<group>"; };
		6DF929531A90CE6B0087E7D3 /* RPReference.h */ = {isa = PBXFileReference; fileEncoding = 4; lastKnownFileType = sourcecode.c.h; path = RPReference.h; sourceTree = "<group>"; };
		6DF929541A90CE6B0087E7D3 /* RPReference.m */ = {isa = PBXFileReference; fileEncoding = 4; lastKnownFileType = sourcecode.c.objc; path = RPReference.m; sourceTree = "<group>"; };
		6DFFE1471A62E56900A8E617 /* NSException+RPExceptions.h */ = {isa = PBXFileReference; fileEncoding = 4; lastKnownFileType = sourcecode.c.h; path = "NSException+RPExceptions.h"; sourceTree = "<group>"; };
		6DFFE1481A62E56900A8E617 /* NSException+RPExceptions.m */ = {isa = PBXFileReference; fileEncoding = 4; lastKnownFileType = sourcecode.c.objc; path = "NSException+RPExceptions.m"; sourceTree = "<group>"; };
		EF0176A31AE5CDAA0092618D /* RPIndex.h */ = {isa = PBXFileReference; fileEncoding = 4; lastKnownFileType = sourcecode.c.h; path = RPIndex.h; sourceTree = "<group>"; };
		EF0176A41AE5CDAA0092618D /* RPIndex.m */ = {isa = PBXFileReference; fileEncoding = 4; lastKnownFileType = sourcecode.c.objc; path = RPIndex.m; sourceTree = "<group>"; };
		EF0176A71AE5DBFB0092618D /* RPCommit.h */ = {isa = PBXFileReference; fileEncoding = 4; lastKnownFileType = sourcecode.c.h; path = RPCommit.h; sourceTree = "<group>"; };
		EF0176A81AE5DBFB0092618D /* RPCommit.m */ = {isa = PBXFileReference; fileEncoding = 4; lastKnownFileType = sourcecode.c.objc; path = RPCommit.m; sourceTree = "<group>"; };
		EF08E0421ABEEF8400712DCC /* RPBranch.h */ = {isa = PBXFileReference; fileEncoding = 4; lastKnownFileType = sourcecode.c.h; path = RPBranch.h; sourceTree = "<group>"; };
		EF08E0431ABEEF8400712DCC /* RPBranch.m */ = {isa = PBXFileReference; fileEncoding = 4; lastKnownFileType = sourcecode.c.objc; path = RPBranch.m; sourceTree = "<group>"; };
		EF36106A1AC888A700861AE9 /* RPTypes.h */ = {isa = PBXFileReference; fileEncoding = 4; lastKnownFileType = sourcecode.c.h; path = RPTypes.h; sourceTree = "<group>"; };
		EF36106B1AC888A700861AE9 /* RPTypes.m */ = {isa = PBXFileReference; fileEncoding = 4; lastKnownFileType = sourcecode.c.objc; path = RPTypes.m; sourceTree = "<group>"; };
		EF36106E1AC88B4300861AE9 /* RPObject.h */ = {isa = PBXFileReference; fileEncoding = 4; lastKnownFileType = sourcecode.c.h; path = RPObject.h; sourceTree = "<group>"; };
		EF36106F1AC88B4300861AE9 /* RPObject.m */ = {isa = PBXFileReference; fileEncoding = 4; lastKnownFileType = sourcecode.c.objc; path = RPObject.m; sourceTree = "<group>"; };
		EF3610721AC88E9400861AE9 /* RPTree.h */ = {isa = PBXFileReference; fileEncoding = 4; lastKnownFileType = sourcecode.c.h; path = RPTree.h; sourceTree = "<group>"; };
		EF3610731AC88E9400861AE9 /* RPTree.m */ = {isa = PBXFileReference; fileEncoding = 4; lastKnownFileType = sourcecode.c.objc; path = RPTree.m; sourceTree = "<group>"; };
		EF9CAC141B9115EA00A7C511 /* RPFunctions.m */ = {isa = PBXFileReference; fileEncoding = 4; lastKnownFileType = sourcecode.c.objc; path = RPFunctions.m; sourceTree = "<group>"; };
		EF9CAC161B9115F700A7C511 /* RPFunctions.h */ = {isa = PBXFileReference; lastKnownFileType = sourcecode.c.h; path = RPFunctions.h; sourceTree = "<group>"; };
		EFD87A781B8694BF0012FF11 /* RPStash.h */ = {isa = PBXFileReference; fileEncoding = 4; lastKnownFileType = sourcecode.c.h; path = RPStash.h; sourceTree = "<group>"; };
		EFD87A791B8694BF0012FF11 /* RPStash.m */ = {isa = PBXFileReference; fileEncoding = 4; lastKnownFileType = sourcecode.c.objc; path = RPStash.m; sourceTree = "<group>"; };
/* End PBXFileReference section */

/* Begin PBXFrameworksBuildPhase section */
		6DC7A03E1A18E20000D808ED /* Frameworks */ = {
			isa = PBXFrameworksBuildPhase;
			buildActionMask = 2147483647;
			files = (
				6DBE962A1A6DE15400010A4C /* libicudata.a in Frameworks */,
				6DBE962B1A6DE15400010A4C /* libicui18n.a in Frameworks */,
				6DBE962C1A6DE15400010A4C /* libicuuc.a in Frameworks */,
				6DC7A05F1A18E99D00D808ED /* libgit2.a in Frameworks */,
				6DBE96221A6DC91A00010A4C /* libc++.dylib in Frameworks */,
				6DC7A0751A194F8300D808ED /* libiconv.dylib in Frameworks */,
				6D307FA41A1FF7C1003DE0BD /* libcrypto.dylib in Frameworks */,
				6D307FA21A1FF7BB003DE0BD /* libssl.dylib in Frameworks */,
				6DC7A0701A194D4F00D808ED /* libz.dylib in Frameworks */,
			);
			runOnlyForDeploymentPostprocessing = 0;
		};
		6DC7A04A1A18E20000D808ED /* Frameworks */ = {
			isa = PBXFrameworksBuildPhase;
			buildActionMask = 2147483647;
			files = (
				6DC7A04E1A18E20000D808ED /* Repo.framework in Frameworks */,
			);
			runOnlyForDeploymentPostprocessing = 0;
		};
/* End PBXFrameworksBuildPhase section */

/* Begin PBXGroup section */
		6DC7A0381A18E20000D808ED = {
			isa = PBXGroup;
			children = (
				6DC7A0441A18E20000D808ED /* Repo */,
				6DC7A0511A18E20000D808ED /* RepoTests */,
				6DC7A0601A18E9A700D808ED /* Libraries */,
				6DC7A0431A18E20000D808ED /* Products */,
			);
			sourceTree = "<group>";
		};
		6DC7A0431A18E20000D808ED /* Products */ = {
			isa = PBXGroup;
			children = (
				6DC7A0421A18E20000D808ED /* Repo.framework */,
				6DC7A04D1A18E20000D808ED /* RepoTests.xctest */,
			);
			name = Products;
			sourceTree = "<group>";
		};
		6DC7A0441A18E20000D808ED /* Repo */ = {
			isa = PBXGroup;
			children = (
				6DC7A0471A18E20000D808ED /* Repo.h */,
				6DC7A0611A18F2B900D808ED /* RPRepo.h */,
				6DC7A0621A18F2B900D808ED /* RPRepo.m */,
				EF08E0421ABEEF8400712DCC /* RPBranch.h */,
				EF08E0431ABEEF8400712DCC /* RPBranch.m */,
				EF0176A71AE5DBFB0092618D /* RPCommit.h */,
				EF0176A81AE5DBFB0092618D /* RPCommit.m */,
				6D90F5DD1A772501009D0E99 /* RPConfig.h */,
				6D90F5DE1A772501009D0E99 /* RPConfig.m */,
				6D310BA61A1ABE95001DCDB1 /* RPDiff.h */,
				6D310BA71A1ABE95001DCDB1 /* RPDiff.m */,
				6D310BAA1A1AC256001DCDB1 /* RPDiffDelta.h */,
				6DD748621A59DAB7007856CD /* RPDiffDelta+Private.h */,
				6D310BAB1A1AC256001DCDB1 /* RPDiffDelta.m */,
				6D310BAE1A1AC6D1001DCDB1 /* RPDiffFile.h */,
				6D310BB21A1AD1CB001DCDB1 /* RPDiffFile+Private.h */,
				6D310BAF1A1AC6D1001DCDB1 /* RPDiffFile.m */,
				6D307FAB1A201EBA003DE0BD /* RPBlob.h */,
				6D307FAC1A201EBA003DE0BD /* RPBlob.m */,
				EF3610721AC88E9400861AE9 /* RPTree.h */,
				EF3610731AC88E9400861AE9 /* RPTree.m */,
				EF36106A1AC888A700861AE9 /* RPTypes.h */,
				EF36106B1AC888A700861AE9 /* RPTypes.m */,
				EF0176A31AE5CDAA0092618D /* RPIndex.h */,
				EF0176A41AE5CDAA0092618D /* RPIndex.m */,
				EF36106E1AC88B4300861AE9 /* RPObject.h */,
				EF36106F1AC88B4300861AE9 /* RPObject.m */,
				6D310BB41A1B7144001DCDB1 /* RPOID.h */,
				6D310BB51A1B7144001DCDB1 /* RPOID.m */,
				6DF929531A90CE6B0087E7D3 /* RPReference.h */,
				6DF929541A90CE6B0087E7D3 /* RPReference.m */,
				EFD87A781B8694BF0012FF11 /* RPStash.h */,
				EFD87A791B8694BF0012FF11 /* RPStash.m */,
				6D4B172B1A5CC4B000ACC859 /* RPSubmodule.h */,
				6D4B172C1A5CC4B000ACC859 /* RPSubmodule.m */,
				EF9CAC161B9115F700A7C511 /* RPFunctions.h */,
				EF9CAC141B9115EA00A7C511 /* RPFunctions.m */,
				6DC7A0651A18F5B300D808ED /* NSError+RPGitErrors.h */,
				6DC7A0661A18F5B300D808ED /* NSError+RPGitErrors.m */,
				6DFFE1471A62E56900A8E617 /* NSException+RPExceptions.h */,
				6DFFE1481A62E56900A8E617 /* NSException+RPExceptions.m */,
				6D42E8B81A68836A00B02DD7 /* NSString+RPEncoding.h */,
				6D42E8B91A68836A00B02DD7 /* NSString+RPEncoding.m */,
				6DBE96231A6DC97200010A4C /* NSData+RPEncoding.h */,
				6DBE96241A6DC97200010A4C /* NSData+RPEncoding.m */,
				6D310BA51A1AB949001DCDB1 /* RPMacros.h */,
				6DC7A0451A18E20000D808ED /* Supporting Files */,
			);
			path = Repo;
			sourceTree = "<group>";
		};
		6DC7A0451A18E20000D808ED /* Supporting Files */ = {
			isa = PBXGroup;
			children = (
				6DC7A0461A18E20000D808ED /* Info.plist */,
			);
			name = "Supporting Files";
			sourceTree = "<group>";
		};
		6DC7A0511A18E20000D808ED /* RepoTests */ = {
			isa = PBXGroup;
			children = (
				6DC7A0541A18E20000D808ED /* RepoTests.m */,
				6DC7A0521A18E20000D808ED /* Supporting Files */,
			);
			path = RepoTests;
			sourceTree = "<group>";
		};
		6DC7A0521A18E20000D808ED /* Supporting Files */ = {
			isa = PBXGroup;
			children = (
				6DC7A0531A18E20000D808ED /* Info.plist */,
			);
			name = "Supporting Files";
			sourceTree = "<group>";
		};
		6DC7A0601A18E9A700D808ED /* Libraries */ = {
			isa = PBXGroup;
			children = (
				6DC7A05E1A18E99D00D808ED /* libgit2.a */,
				6DBE96271A6DE15400010A4C /* libicudata.a */,
				6DBE96281A6DE15400010A4C /* libicui18n.a */,
				6DBE96291A6DE15400010A4C /* libicuuc.a */,
				6DBE961D1A6DC6AF00010A4C /* libc++.dylib */,
				6DC7A0741A194F8300D808ED /* libiconv.dylib */,
				6D307FA31A1FF7C1003DE0BD /* libcrypto.dylib */,
				6D307FA11A1FF7BB003DE0BD /* libssl.dylib */,
				6DC7A06F1A194D4F00D808ED /* libz.dylib */,
			);
			name = Libraries;
			sourceTree = "<group>";
		};
/* End PBXGroup section */

/* Begin PBXHeadersBuildPhase section */
		6DC7A03F1A18E20000D808ED /* Headers */ = {
			isa = PBXHeadersBuildPhase;
			buildActionMask = 2147483647;
			files = (
				6DC7A0481A18E20000D808ED /* Repo.h in Headers */,
				6D90F5DF1A772501009D0E99 /* RPConfig.h in Headers */,
				6DC7A0631A18F2B900D808ED /* RPRepo.h in Headers */,
				EF0176A91AE5DBFB0092618D /* RPCommit.h in Headers */,
				6D310BA81A1ABE95001DCDB1 /* RPDiff.h in Headers */,
				6D310BAC1A1AC256001DCDB1 /* RPDiffDelta.h in Headers */,
				6DF929551A90CE6B0087E7D3 /* RPReference.h in Headers */,
				6D310BB01A1AC6D1001DCDB1 /* RPDiffFile.h in Headers */,
				6D307FAD1A201EBA003DE0BD /* RPBlob.h in Headers */,
				EF3610701AC88B4300861AE9 /* RPObject.h in Headers */,
				6D4B172D1A5CC4B000ACC859 /* RPSubmodule.h in Headers */,
				EF08E0441ABEEF8400712DCC /* RPBranch.h in Headers */,
				EF3610741AC88E9400861AE9 /* RPTree.h in Headers */,
				EFD87A7A1B8694BF0012FF11 /* RPStash.h in Headers */,
				6D310BB61A1B7144001DCDB1 /* RPOID.h in Headers */,
				EF0176A51AE5CDAA0092618D /* RPIndex.h in Headers */,
				EF36106C1AC888A700861AE9 /* RPTypes.h in Headers */,
				6D42E8BA1A68836A00B02DD7 /* NSString+RPEncoding.h in Headers */,
				6DC7A0671A18F5B300D808ED /* NSError+RPGitErrors.h in Headers */,
				6D38CD0F1A1C14F700F67BB8 /* RPMacros.h in Headers */,
				6DFFE1491A62E56900A8E617 /* NSException+RPExceptions.h in Headers */,
				6DBE96251A6DC97200010A4C /* NSData+RPEncoding.h in Headers */,
				6D310BB31A1AD29E001DCDB1 /* RPDiffFile+Private.h in Headers */,
			);
			runOnlyForDeploymentPostprocessing = 0;
		};
/* End PBXHeadersBuildPhase section */

/* Begin PBXNativeTarget section */
		6DC7A0411A18E20000D808ED /* Repo */ = {
			isa = PBXNativeTarget;
			buildConfigurationList = 6DC7A0581A18E20000D808ED /* Build configuration list for PBXNativeTarget "Repo" */;
			buildPhases = (
				6DC7A03D1A18E20000D808ED /* Sources */,
				6DC7A03E1A18E20000D808ED /* Frameworks */,
				6DC7A03F1A18E20000D808ED /* Headers */,
				6DC7A0401A18E20000D808ED /* Resources */,
			);
			buildRules = (
			);
			dependencies = (
			);
			name = Repo;
			productName = Repo;
			productReference = 6DC7A0421A18E20000D808ED /* Repo.framework */;
			productType = "com.apple.product-type.framework";
		};
		6DC7A04C1A18E20000D808ED /* RepoTests */ = {
			isa = PBXNativeTarget;
			buildConfigurationList = 6DC7A05B1A18E20000D808ED /* Build configuration list for PBXNativeTarget "RepoTests" */;
			buildPhases = (
				6DC7A0491A18E20000D808ED /* Sources */,
				6DC7A04A1A18E20000D808ED /* Frameworks */,
				6DC7A04B1A18E20000D808ED /* Resources */,
			);
			buildRules = (
			);
			dependencies = (
				6DC7A0501A18E20000D808ED /* PBXTargetDependency */,
			);
			name = RepoTests;
			productName = RepoTests;
			productReference = 6DC7A04D1A18E20000D808ED /* RepoTests.xctest */;
			productType = "com.apple.product-type.bundle.unit-test";
		};
/* End PBXNativeTarget section */

/* Begin PBXProject section */
		6DC7A0391A18E20000D808ED /* Project object */ = {
			isa = PBXProject;
			attributes = {
				LastSwiftUpdateCheck = 0700;
				LastUpgradeCheck = 0700;
				ORGANIZATIONNAME = "Charles Osmer";
				TargetAttributes = {
					6DC7A0411A18E20000D808ED = {
						CreatedOnToolsVersion = 6.1;
					};
					6DC7A04C1A18E20000D808ED = {
						CreatedOnToolsVersion = 6.1;
					};
				};
			};
			buildConfigurationList = 6DC7A03C1A18E20000D808ED /* Build configuration list for PBXProject "Repo" */;
			compatibilityVersion = "Xcode 3.2";
			developmentRegion = English;
			hasScannedForEncodings = 0;
			knownRegions = (
				en,
			);
			mainGroup = 6DC7A0381A18E20000D808ED;
			productRefGroup = 6DC7A0431A18E20000D808ED /* Products */;
			projectDirPath = "";
			projectRoot = "";
			targets = (
				6DC7A0411A18E20000D808ED /* Repo */,
				6DC7A04C1A18E20000D808ED /* RepoTests */,
			);
		};
/* End PBXProject section */

/* Begin PBXResourcesBuildPhase section */
		6DC7A0401A18E20000D808ED /* Resources */ = {
			isa = PBXResourcesBuildPhase;
			buildActionMask = 2147483647;
			files = (
			);
			runOnlyForDeploymentPostprocessing = 0;
		};
		6DC7A04B1A18E20000D808ED /* Resources */ = {
			isa = PBXResourcesBuildPhase;
			buildActionMask = 2147483647;
			files = (
			);
			runOnlyForDeploymentPostprocessing = 0;
		};
/* End PBXResourcesBuildPhase section */

/* Begin PBXSourcesBuildPhase section */
		6DC7A03D1A18E20000D808ED /* Sources */ = {
			isa = PBXSourcesBuildPhase;
			buildActionMask = 2147483647;
			files = (
				6DF929561A90CE6B0087E7D3 /* RPReference.m in Sources */,
				6D310BB71A1B7144001DCDB1 /* RPOID.m in Sources */,
				6DBE96261A6DC97200010A4C /* NSData+RPEncoding.m in Sources */,
				EF0176AA1AE5DBFB0092618D /* RPCommit.m in Sources */,
				6DC7A0641A18F2B900D808ED /* RPRepo.m in Sources */,
				EFD87A7B1B8694BF0012FF11 /* RPStash.m in Sources */,
				6D4B172E1A5CC4B000ACC859 /* RPSubmodule.m in Sources */,
				6D310BAD1A1AC256001DCDB1 /* RPDiffDelta.m in Sources */,
				6DC7A0681A18F5B300D808ED /* NSError+RPGitErrors.m in Sources */,
				6D310BA91A1ABE95001DCDB1 /* RPDiff.m in Sources */,
				EF0176A61AE5CDAA0092618D /* RPIndex.m in Sources */,
				6D307FAE1A201EBA003DE0BD /* RPBlob.m in Sources */,
				6D310BB11A1AC6D1001DCDB1 /* RPDiffFile.m in Sources */,
				6D90F5E01A772501009D0E99 /* RPConfig.m in Sources */,
				EF08E0451ABEEF8400712DCC /* RPBranch.m in Sources */,
				6D42E8BB1A68836A00B02DD7 /* NSString+RPEncoding.m in Sources */,
				EF36106D1AC888A700861AE9 /* RPTypes.m in Sources */,
				EF9CAC151B9115EA00A7C511 /* RPFunctions.m in Sources */,
				EF3610711AC88B4300861AE9 /* RPObject.m in Sources */,
				6DFFE14A1A62E56900A8E617 /* NSException+RPExceptions.m in Sources */,
				EF3610751AC88E9400861AE9 /* RPTree.m in Sources */,
			);
			runOnlyForDeploymentPostprocessing = 0;
		};
		6DC7A0491A18E20000D808ED /* Sources */ = {
			isa = PBXSourcesBuildPhase;
			buildActionMask = 2147483647;
			files = (
				6DC7A0551A18E20000D808ED /* RepoTests.m in Sources */,
			);
			runOnlyForDeploymentPostprocessing = 0;
		};
/* End PBXSourcesBuildPhase section */

/* Begin PBXTargetDependency section */
		6DC7A0501A18E20000D808ED /* PBXTargetDependency */ = {
			isa = PBXTargetDependency;
			target = 6DC7A0411A18E20000D808ED /* Repo */;
			targetProxy = 6DC7A04F1A18E20000D808ED /* PBXContainerItemProxy */;
		};
/* End PBXTargetDependency section */

/* Begin XCBuildConfiguration section */
		6DC7A0561A18E20000D808ED /* Debug */ = {
			isa = XCBuildConfiguration;
			buildSettings = {
				ALWAYS_SEARCH_USER_PATHS = NO;
				CLANG_CXX_LANGUAGE_STANDARD = "gnu++0x";
				CLANG_CXX_LIBRARY = "libc++";
				CLANG_ENABLE_MODULES = YES;
				CLANG_ENABLE_OBJC_ARC = YES;
				CLANG_WARN_BOOL_CONVERSION = YES;
				CLANG_WARN_CONSTANT_CONVERSION = YES;
				CLANG_WARN_DIRECT_OBJC_ISA_USAGE = YES_ERROR;
				CLANG_WARN_EMPTY_BODY = YES;
				CLANG_WARN_ENUM_CONVERSION = YES;
				CLANG_WARN_INT_CONVERSION = YES;
				CLANG_WARN_OBJC_ROOT_CLASS = YES_ERROR;
				CLANG_WARN_UNREACHABLE_CODE = YES;
				CLANG_WARN__DUPLICATE_METHOD_MATCH = YES;
				COPY_PHASE_STRIP = NO;
				CURRENT_PROJECT_VERSION = 1;
				ENABLE_STRICT_OBJC_MSGSEND = YES;
				ENABLE_TESTABILITY = YES;
				GCC_C_LANGUAGE_STANDARD = gnu99;
				GCC_DYNAMIC_NO_PIC = NO;
				GCC_OPTIMIZATION_LEVEL = 0;
				GCC_PREPROCESSOR_DEFINITIONS = (
					"DEBUG=1",
					"$(inherited)",
				);
				GCC_SYMBOLS_PRIVATE_EXTERN = NO;
				GCC_WARN_64_TO_32_BIT_CONVERSION = YES;
				GCC_WARN_ABOUT_RETURN_TYPE = YES_ERROR;
				GCC_WARN_UNDECLARED_SELECTOR = YES;
				GCC_WARN_UNINITIALIZED_AUTOS = YES_AGGRESSIVE;
				GCC_WARN_UNUSED_FUNCTION = YES;
				GCC_WARN_UNUSED_VARIABLE = YES;
				HEADER_SEARCH_PATHS = (
					"$(inherited)",
					/Applications/Xcode.app/Contents/Developer/Toolchains/XcodeDefault.xctoolchain/usr/include,
					"\"$(SRCROOT)/External/icu4c-osx/include\"",
					"\"$(SRCROOT)/External/libgit2/include\"",
				);
				MACOSX_DEPLOYMENT_TARGET = 10.10;
				MTL_ENABLE_DEBUG_INFO = YES;
				ONLY_ACTIVE_ARCH = YES;
				SDKROOT = macosx;
				VERSIONING_SYSTEM = "apple-generic";
				VERSION_INFO_PREFIX = "";
			};
			name = Debug;
		};
		6DC7A0571A18E20000D808ED /* Release */ = {
			isa = XCBuildConfiguration;
			buildSettings = {
				ALWAYS_SEARCH_USER_PATHS = NO;
				CLANG_CXX_LANGUAGE_STANDARD = "gnu++0x";
				CLANG_CXX_LIBRARY = "libc++";
				CLANG_ENABLE_MODULES = YES;
				CLANG_ENABLE_OBJC_ARC = YES;
				CLANG_WARN_BOOL_CONVERSION = YES;
				CLANG_WARN_CONSTANT_CONVERSION = YES;
				CLANG_WARN_DIRECT_OBJC_ISA_USAGE = YES_ERROR;
				CLANG_WARN_EMPTY_BODY = YES;
				CLANG_WARN_ENUM_CONVERSION = YES;
				CLANG_WARN_INT_CONVERSION = YES;
				CLANG_WARN_OBJC_ROOT_CLASS = YES_ERROR;
				CLANG_WARN_UNREACHABLE_CODE = YES;
				CLANG_WARN__DUPLICATE_METHOD_MATCH = YES;
				COPY_PHASE_STRIP = YES;
				CURRENT_PROJECT_VERSION = 1;
				DEBUG_INFORMATION_FORMAT = "dwarf-with-dsym";
				ENABLE_NS_ASSERTIONS = NO;
				ENABLE_STRICT_OBJC_MSGSEND = YES;
				GCC_C_LANGUAGE_STANDARD = gnu99;
				GCC_WARN_64_TO_32_BIT_CONVERSION = YES;
				GCC_WARN_ABOUT_RETURN_TYPE = YES_ERROR;
				GCC_WARN_UNDECLARED_SELECTOR = YES;
				GCC_WARN_UNINITIALIZED_AUTOS = YES_AGGRESSIVE;
				GCC_WARN_UNUSED_FUNCTION = YES;
				GCC_WARN_UNUSED_VARIABLE = YES;
				HEADER_SEARCH_PATHS = (
					"$(inherited)",
					/Applications/Xcode.app/Contents/Developer/Toolchains/XcodeDefault.xctoolchain/usr/include,
					"\"$(SRCROOT)/External/icu4c-osx/include\"",
					"\"$(SRCROOT)/External/libgit2/include\"",
				);
				MACOSX_DEPLOYMENT_TARGET = 10.10;
				MTL_ENABLE_DEBUG_INFO = NO;
				SDKROOT = macosx;
				VERSIONING_SYSTEM = "apple-generic";
				VERSION_INFO_PREFIX = "";
			};
			name = Release;
		};
		6DC7A0591A18E20000D808ED /* Debug */ = {
			isa = XCBuildConfiguration;
			buildSettings = {
				CLANG_ENABLE_MODULES = YES;
				COMBINE_HIDPI_IMAGES = YES;
				DEFINES_MODULE = YES;
				DYLIB_COMPATIBILITY_VERSION = 1;
				DYLIB_CURRENT_VERSION = 1;
				DYLIB_INSTALL_NAME_BASE = "@rpath";
				FRAMEWORK_VERSION = A;
				INFOPLIST_FILE = Repo/Info.plist;
				INSTALL_PATH = "$(LOCAL_LIBRARY_DIR)/Frameworks";
				LD_RUNPATH_SEARCH_PATHS = "$(inherited) @executable_path/../Frameworks @loader_path/Frameworks";
				LIBRARY_SEARCH_PATHS = (
					"$(inherited)",
					"$(PROJECT_DIR)/External",
					"$(PROJECT_DIR)/External/icu4c-osx/lib",
				);
				PRODUCT_BUNDLE_IDENTIFIER = "com.cosmer.$(PRODUCT_NAME:rfc1034identifier)";
				PRODUCT_NAME = "$(TARGET_NAME)";
				SKIP_INSTALL = YES;
				SWIFT_OPTIMIZATION_LEVEL = "-Onone";
				WARNING_CFLAGS = (
					"-Wall",
					"-Wextra",
					"-Wno-missing-field-initializers",
				);
			};
			name = Debug;
		};
		6DC7A05A1A18E20000D808ED /* Release */ = {
			isa = XCBuildConfiguration;
			buildSettings = {
				CLANG_ENABLE_MODULES = YES;
				COMBINE_HIDPI_IMAGES = YES;
				DEFINES_MODULE = YES;
				DYLIB_COMPATIBILITY_VERSION = 1;
				DYLIB_CURRENT_VERSION = 1;
				DYLIB_INSTALL_NAME_BASE = "@rpath";
				FRAMEWORK_VERSION = A;
				INFOPLIST_FILE = Repo/Info.plist;
				INSTALL_PATH = "$(LOCAL_LIBRARY_DIR)/Frameworks";
				LD_RUNPATH_SEARCH_PATHS = "$(inherited) @executable_path/../Frameworks @loader_path/Frameworks";
				LIBRARY_SEARCH_PATHS = (
					"$(inherited)",
					"$(PROJECT_DIR)/External",
					"$(PROJECT_DIR)/External/icu4c-osx/lib",
				);
				PRODUCT_BUNDLE_IDENTIFIER = "com.cosmer.$(PRODUCT_NAME:rfc1034identifier)";
				PRODUCT_NAME = "$(TARGET_NAME)";
				SKIP_INSTALL = YES;
				WARNING_CFLAGS = (
					"-Wall",
					"-Wextra",
					"-Wno-missing-field-initializers",
				);
			};
			name = Release;
		};
		6DC7A05C1A18E20000D808ED /* Debug */ = {
			isa = XCBuildConfiguration;
			buildSettings = {
				COMBINE_HIDPI_IMAGES = YES;
				FRAMEWORK_SEARCH_PATHS = (
					"$(DEVELOPER_FRAMEWORKS_DIR)",
					"$(inherited)",
				);
				GCC_PREPROCESSOR_DEFINITIONS = (
					"DEBUG=1",
					"$(inherited)",
				);
				INFOPLIST_FILE = RepoTests/Info.plist;
				LD_RUNPATH_SEARCH_PATHS = "$(inherited) @executable_path/../Frameworks @loader_path/../Frameworks";
				PRODUCT_BUNDLE_IDENTIFIER = "com.cosmer.$(PRODUCT_NAME:rfc1034identifier)";
				PRODUCT_NAME = "$(TARGET_NAME)";
			};
			name = Debug;
		};
		6DC7A05D1A18E20000D808ED /* Release */ = {
			isa = XCBuildConfiguration;
			buildSettings = {
				COMBINE_HIDPI_IMAGES = YES;
				FRAMEWORK_SEARCH_PATHS = (
					"$(DEVELOPER_FRAMEWORKS_DIR)",
					"$(inherited)",
				);
				INFOPLIST_FILE = RepoTests/Info.plist;
				LD_RUNPATH_SEARCH_PATHS = "$(inherited) @executable_path/../Frameworks @loader_path/../Frameworks";
				PRODUCT_BUNDLE_IDENTIFIER = "com.cosmer.$(PRODUCT_NAME:rfc1034identifier)";
				PRODUCT_NAME = "$(TARGET_NAME)";
			};
			name = Release;
		};
/* End XCBuildConfiguration section */

/* Begin XCConfigurationList section */
		6DC7A03C1A18E20000D808ED /* Build configuration list for PBXProject "Repo" */ = {
			isa = XCConfigurationList;
			buildConfigurations = (
				6DC7A0561A18E20000D808ED /* Debug */,
				6DC7A0571A18E20000D808ED /* Release */,
			);
			defaultConfigurationIsVisible = 0;
			defaultConfigurationName = Release;
		};
		6DC7A0581A18E20000D808ED /* Build configuration list for PBXNativeTarget "Repo" */ = {
			isa = XCConfigurationList;
			buildConfigurations = (
				6DC7A0591A18E20000D808ED /* Debug */,
				6DC7A05A1A18E20000D808ED /* Release */,
			);
			defaultConfigurationIsVisible = 0;
			defaultConfigurationName = Release;
		};
		6DC7A05B1A18E20000D808ED /* Build configuration list for PBXNativeTarget "RepoTests" */ = {
			isa = XCConfigurationList;
			buildConfigurations = (
				6DC7A05C1A18E20000D808ED /* Debug */,
				6DC7A05D1A18E20000D808ED /* Release */,
			);
			defaultConfigurationIsVisible = 0;
			defaultConfigurationName = Release;
		};
/* End XCConfigurationList section */
	};
	rootObject = 6DC7A0391A18E20000D808ED /* Project object */;
}
